{
    "name": "gc-excelviewer",
    "version": "3.0.45",
    "lockfileVersion": 1,
    "requires": true,
    "dependencies": {
        "path-browserify": {
            "version": "1.0.1",
            "resolved": "https://registry.npmjs.org/path-browserify/-/path-browserify-1.0.1.tgz",
            "integrity": "sha512-b7uo2UCUOYZcnF/3ID0lulOJi/bafxa1xPe7ZPsammBSpjSWQkjNxlt635YGS2MiR9GjvuXCtz2emr3jbsz98g=="
        },
        "process": {
            "version": "0.11.10",
            "resolved": "https://registry.npmjs.org/process/-/process-0.11.10.tgz",
            "integrity": "sha1-czIwDoQBYb2j5podHZGn1LwW8YI=",
            "dev": true
        },
        "vscode-uri": {
            "version": "3.0.2",
            "resolved": "https://registry.npmjs.org/vscode-uri/-/vscode-uri-3.0.2.tgz",
            "integrity": "sha512-jkjy6pjU1fxUvI51P+gCsxg1u2n8LSt0W6KrCNQceaziKzff74GoWmjVG46KieVzybO1sttPQmYfrwSHey7GUA=="
        }
    }
}
